
Microsoft Visual Studio Solution File, Format Version 12.00
# Visual Studio Version 16
VisualStudioVersion = 16.0.30413.136
MinimumVisualStudioVersion = 10.0.40219.1
Project("{2150E333-8FDC-42A3-9474-1A3956D46DE8}") = "src", "src", "{C7C82547-D73C-4487-AAD7-1CA5828C1523}"
EndProject
Project("{2150E333-8FDC-42A3-9474-1A3956D46DE8}") = "Building Blocks", "Building Blocks", "{76466A12-D1B6-461B-8CCD-DEE2A4F4D9E7}"
EndProject
Project("{2150E333-8FDC-42A3-9474-1A3956D46DE8}") = "Services", "Services", "{213C0257-6653-4BB2-B2F2-21E6BCEC0801}"
EndProject
Project("{2150E333-8FDC-42A3-9474-1A3956D46DE8}") = "Web", "Web", "{732C0D85-3417-4718-9D37-CAC7EB897FB2}"
EndProject
Project("{2150E333-8FDC-42A3-9474-1A3956D46DE8}") = "Identidade", "Identidade", "{9A1BD91E-97AC-41EA-A655-15CDC99CA4D0}"
EndProject
Project("{2150E333-8FDC-42A3-9474-1A3956D46DE8}") = "MVC", "MVC", "{130860EC-E278-4A16-8A06-29FE3EC3F34B}"
EndProject
Project("{FAE04EC0-301F-11D3-BF4B-00C04F79EFBC}") = "NS.WebApp.MVC", "src\web\NS.WebApp.MVC\NS.WebApp.MVC.csproj", "{997CEE11-A2B4-4522-99B0-BEAC1E151326}"
EndProject
Project("{FAE04EC0-301F-11D3-BF4B-00C04F79EFBC}") = "NS.Identidade.API", "src\services\NS.Identidade.API\NS.Identidade.API.csproj", "{AB1BF9E5-9814-4720-AC8D-371C6AC3E48A}"
EndProject
Project("{2150E333-8FDC-42A3-9474-1A3956D46DE8}") = "Core", "Core", "{64056D7D-623F-440D-84DE-2429989A6593}"
EndProject
Project("{FAE04EC0-301F-11D3-BF4B-00C04F79EFBC}") = "NS.Core", "src\building blocks\NS.Core\NS.Core.csproj", "{DD1066BD-F7A7-4B23-9257-7D40A86730ED}"
EndProject
Project("{2150E333-8FDC-42A3-9474-1A3956D46DE8}") = "Carrinho", "Carrinho", "{F9F6C19A-8F54-4D4E-A9F4-FB548F0A2664}"
EndProject
Project("{2150E333-8FDC-42A3-9474-1A3956D46DE8}") = "Catalogo", "Catalogo", "{1A7DBF7A-5771-4466-B15C-B091EE557DB6}"
EndProject
Project("{2150E333-8FDC-42A3-9474-1A3956D46DE8}") = "Cliente", "Cliente", "{5315FFE1-400B-4614-BFC7-BB87C3CC1597}"
EndProject
Project("{2150E333-8FDC-42A3-9474-1A3956D46DE8}") = "Pagamento", "Pagamento", "{AD017973-4BEB-4EC6-A5AB-4A048F70447B}"
EndProject
Project("{2150E333-8FDC-42A3-9474-1A3956D46DE8}") = "Pedido", "Pedido", "{AF3A5C24-F4F3-4309-83D8-049171BA980E}"
EndProject
Project("{FAE04EC0-301F-11D3-BF4B-00C04F79EFBC}") = "NS.Carrinho.API", "src\carrinho\NS.Carrinho.API\NS.Carrinho.API.csproj", "{9FE863E0-A090-428E-BCFC-EAC3E5846B4C}"
EndProject
Project("{FAE04EC0-301F-11D3-BF4B-00C04F79EFBC}") = "NS.Catalogo.API", "src\services\catalogo\NS.Catalogo.API\NS.Catalogo.API.csproj", "{4392148E-A9AB-49CC-8633-D2DA4B2D34D7}"
EndProject
Project("{FAE04EC0-301F-11D3-BF4B-00C04F79EFBC}") = "NS.Cliente.API", "src\services\cliente\NS.Cliente.API\NS.Cliente.API.csproj", "{A848F41A-4107-4272-85A0-1232774E07D5}"
EndProject
Project("{FAE04EC0-301F-11D3-BF4B-00C04F79EFBC}") = "NS.Pagamento.API", "src\services\pagamento\NS.Pagamento.API\NS.Pagamento.API.csproj", "{E51BC6FB-ADD5-4397-ABE7-BFD1817B6525}"
EndProject
Project("{FAE04EC0-301F-11D3-BF4B-00C04F79EFBC}") = "NS.Pedidos.API", "src\services\pedidos\NS.Pedidos.API\NS.Pedidos.API.csproj", "{0AA9292F-4418-4AEF-A91E-80B97D654FC6}"
EndProject
Global
	GlobalSection(SolutionConfigurationPlatforms) = preSolution
		Debug|Any CPU = Debug|Any CPU
		Release|Any CPU = Release|Any CPU
	EndGlobalSection
	GlobalSection(ProjectConfigurationPlatforms) = postSolution
		{997CEE11-A2B4-4522-99B0-BEAC1E151326}.Debug|Any CPU.ActiveCfg = Debug|Any CPU
		{997CEE11-A2B4-4522-99B0-BEAC1E151326}.Debug|Any CPU.Build.0 = Debug|Any CPU
		{997CEE11-A2B4-4522-99B0-BEAC1E151326}.Release|Any CPU.ActiveCfg = Release|Any CPU
		{997CEE11-A2B4-4522-99B0-BEAC1E151326}.Release|Any CPU.Build.0 = Release|Any CPU
		{AB1BF9E5-9814-4720-AC8D-371C6AC3E48A}.Debug|Any CPU.ActiveCfg = Debug|Any CPU
		{AB1BF9E5-9814-4720-AC8D-371C6AC3E48A}.Debug|Any CPU.Build.0 = Debug|Any CPU
		{AB1BF9E5-9814-4720-AC8D-371C6AC3E48A}.Release|Any CPU.ActiveCfg = Release|Any CPU
		{AB1BF9E5-9814-4720-AC8D-371C6AC3E48A}.Release|Any CPU.Build.0 = Release|Any CPU
		{DD1066BD-F7A7-4B23-9257-7D40A86730ED}.Debug|Any CPU.ActiveCfg = Debug|Any CPU
		{DD1066BD-F7A7-4B23-9257-7D40A86730ED}.Debug|Any CPU.Build.0 = Debug|Any CPU
		{DD1066BD-F7A7-4B23-9257-7D40A86730ED}.Release|Any CPU.ActiveCfg = Release|Any CPU
		{DD1066BD-F7A7-4B23-9257-7D40A86730ED}.Release|Any CPU.Build.0 = Release|Any CPU
		{9FE863E0-A090-428E-BCFC-EAC3E5846B4C}.Debug|Any CPU.ActiveCfg = Debug|Any CPU
		{9FE863E0-A090-428E-BCFC-EAC3E5846B4C}.Debug|Any CPU.Build.0 = Debug|Any CPU
		{9FE863E0-A090-428E-BCFC-EAC3E5846B4C}.Release|Any CPU.ActiveCfg = Release|Any CPU
		{9FE863E0-A090-428E-BCFC-EAC3E5846B4C}.Release|Any CPU.Build.0 = Release|Any CPU
		{4392148E-A9AB-49CC-8633-D2DA4B2D34D7}.Debug|Any CPU.ActiveCfg = Debug|Any CPU
		{4392148E-A9AB-49CC-8633-D2DA4B2D34D7}.Debug|Any CPU.Build.0 = Debug|Any CPU
		{4392148E-A9AB-49CC-8633-D2DA4B2D34D7}.Release|Any CPU.ActiveCfg = Release|Any CPU
		{4392148E-A9AB-49CC-8633-D2DA4B2D34D7}.Release|Any CPU.Build.0 = Release|Any CPU
		{A848F41A-4107-4272-85A0-1232774E07D5}.Debug|Any CPU.ActiveCfg = Debug|Any CPU
		{A848F41A-4107-4272-85A0-1232774E07D5}.Debug|Any CPU.Build.0 = Debug|Any CPU
		{A848F41A-4107-4272-85A0-1232774E07D5}.Release|Any CPU.ActiveCfg = Release|Any CPU
		{A848F41A-4107-4272-85A0-1232774E07D5}.Release|Any CPU.Build.0 = Release|Any CPU
		{E51BC6FB-ADD5-4397-ABE7-BFD1817B6525}.Debug|Any CPU.ActiveCfg = Debug|Any CPU
		{E51BC6FB-ADD5-4397-ABE7-BFD1817B6525}.Debug|Any CPU.Build.0 = Debug|Any CPU
		{E51BC6FB-ADD5-4397-ABE7-BFD1817B6525}.Release|Any CPU.ActiveCfg = Release|Any CPU
		{E51BC6FB-ADD5-4397-ABE7-BFD1817B6525}.Release|Any CPU.Build.0 = Release|Any CPU
		{0AA9292F-4418-4AEF-A91E-80B97D654FC6}.Debug|Any CPU.ActiveCfg = Debug|Any CPU
		{0AA9292F-4418-4AEF-A91E-80B97D654FC6}.Debug|Any CPU.Build.0 = Debug|Any CPU
		{0AA9292F-4418-4AEF-A91E-80B97D654FC6}.Release|Any CPU.ActiveCfg = Release|Any CPU
		{0AA9292F-4418-4AEF-A91E-80B97D654FC6}.Release|Any CPU.Build.0 = Release|Any CPU
	EndGlobalSection
	GlobalSection(SolutionProperties) = preSolution
		HideSolutionNode = FALSE
	EndGlobalSection
	GlobalSection(NestedProjects) = preSolution
		{76466A12-D1B6-461B-8CCD-DEE2A4F4D9E7} = {C7C82547-D73C-4487-AAD7-1CA5828C1523}
		{213C0257-6653-4BB2-B2F2-21E6BCEC0801} = {C7C82547-D73C-4487-AAD7-1CA5828C1523}
		{732C0D85-3417-4718-9D37-CAC7EB897FB2} = {C7C82547-D73C-4487-AAD7-1CA5828C1523}
		{9A1BD91E-97AC-41EA-A655-15CDC99CA4D0} = {213C0257-6653-4BB2-B2F2-21E6BCEC0801}
		{130860EC-E278-4A16-8A06-29FE3EC3F34B} = {732C0D85-3417-4718-9D37-CAC7EB897FB2}
		{997CEE11-A2B4-4522-99B0-BEAC1E151326} = {130860EC-E278-4A16-8A06-29FE3EC3F34B}
		{AB1BF9E5-9814-4720-AC8D-371C6AC3E48A} = {9A1BD91E-97AC-41EA-A655-15CDC99CA4D0}
		{64056D7D-623F-440D-84DE-2429989A6593} = {76466A12-D1B6-461B-8CCD-DEE2A4F4D9E7}
		{DD1066BD-F7A7-4B23-9257-7D40A86730ED} = {64056D7D-623F-440D-84DE-2429989A6593}
		{F9F6C19A-8F54-4D4E-A9F4-FB548F0A2664} = {213C0257-6653-4BB2-B2F2-21E6BCEC0801}
		{1A7DBF7A-5771-4466-B15C-B091EE557DB6} = {213C0257-6653-4BB2-B2F2-21E6BCEC0801}
		{5315FFE1-400B-4614-BFC7-BB87C3CC1597} = {213C0257-6653-4BB2-B2F2-21E6BCEC0801}
		{AD017973-4BEB-4EC6-A5AB-4A048F70447B} = {213C0257-6653-4BB2-B2F2-21E6BCEC0801}
		{AF3A5C24-F4F3-4309-83D8-049171BA980E} = {213C0257-6653-4BB2-B2F2-21E6BCEC0801}
		{9FE863E0-A090-428E-BCFC-EAC3E5846B4C} = {F9F6C19A-8F54-4D4E-A9F4-FB548F0A2664}
		{4392148E-A9AB-49CC-8633-D2DA4B2D34D7} = {1A7DBF7A-5771-4466-B15C-B091EE557DB6}
		{A848F41A-4107-4272-85A0-1232774E07D5} = {5315FFE1-400B-4614-BFC7-BB87C3CC1597}
		{E51BC6FB-ADD5-4397-ABE7-BFD1817B6525} = {AD017973-4BEB-4EC6-A5AB-4A048F70447B}
		{0AA9292F-4418-4AEF-A91E-80B97D654FC6} = {AF3A5C24-F4F3-4309-83D8-049171BA980E}
	EndGlobalSection
	GlobalSection(ExtensibilityGlobals) = postSolution
		SolutionGuid = {3279564B-C11C-485E-9007-DCF19A2B62BA}
	EndGlobalSection
EndGlobal
